
Microsoft Visual Studio Solution File, Format Version 12.00
# Visual Studio 15
VisualStudioVersion = 15.0.28307.489
MinimumVisualStudioVersion = 10.0.40219.1
Project("{FAE04EC0-301F-11D3-BF4B-00C04F79EFBC}") = "Task List Objecrs", "Task List Objecrs\Task List Objecrs.csproj", "{73AA9AD4-5BC4-4C19-842B-BFB1D4D0676D}"
EndProject
Global
	GlobalSection(SolutionConfigurationPlatforms) = preSolution
		Debug|Any CPU = Debug|Any CPU
		Release|Any CPU = Release|Any CPU
	EndGlobalSection
	GlobalSection(ProjectConfigurationPlatforms) = postSolution
		{73AA9AD4-5BC4-4C19-842B-BFB1D4D0676D}.Debug|Any CPU.ActiveCfg = Debug|Any CPU
		{73AA9AD4-5BC4-4C19-842B-BFB1D4D0676D}.Debug|Any CPU.Build.0 = Debug|Any CPU
		{73AA9AD4-5BC4-4C19-842B-BFB1D4D0676D}.Release|Any CPU.ActiveCfg = Release|Any CPU
		{73AA9AD4-5BC4-4C19-842B-BFB1D4D0676D}.Release|Any CPU.Build.0 = Release|Any CPU
	EndGlobalSection
	GlobalSection(SolutionProperties) = preSolution
		HideSolutionNode = FALSE
	EndGlobalSection
	GlobalSection(ExtensibilityGlobals) = postSolution
		SolutionGuid = {1C285C8C-CF08-4C40-B84C-118D25AF1647}
	EndGlobalSection
EndGlobal
